data:
  - name: Privacy
    description: Lock apps from unauthorized access.
    icon: /assets/img/applock/Privacy.svg
    screenshot: /assets/img/applock/App-Lock-Privacy.png

  - name: Confidentiality
    description: Protect finance, credentials, and chat apps.
    icon: /assets/img/applock/Confidentiality.svg
    screenshot: /assets/img/applock/App-Lock-Confidentiality.png

  - name: Widgets
    description: App Lock supports Widgets. Now, is easier to block any app you want.
    icon: /assets/img/applock/Widgets.svg
    screenshot: /assets/img/applock/App-Lock-Widgets.png

featured:
  - name: BGR
    title: This app hides iPhone apps from your home screen so no one can spy on them
    logo: /assets/img/applock/bgr.com.svg
    destination: https://bgr.com/tech/this-app-hides-iphone-apps-from-your-home-screen-so-no-one-can-spy-on-them

  - name: iDeviceHelp
    title: How to Hide Apps on iPhone (NEW 2024)
    logo: /assets/img/applock/idevicehelp.svg
    destination: https://www.youtube.com/watch?v=uP_--HLJZg8

  - name: Redmond Pie
    title: iPhone Users Can Now Lock Or Hide Any App Using Face ID Or Touch ID, Here's How
    logo: /assets/img/applock/redmondpie.com.svg
    destination: https://www.redmondpie.com/iphone-users-can-now-lock-or-hide-any-app-using-face-id-or-touch-id-heres-how/

  - name: iPhoneItalia
    title: App Lock, l'app per proteggere e nascondere le altre app
    logo: /assets/img/applock/iphoneitalia.com.svg
    destination: https://www.iphoneitalia.com/824180/app-lock-proteggere-accesso-nascondere-app

  - name: 9to5Mac
    title: App Lock lets you protect and hide any app from the iPhone Home Screen
    logo: /assets/img/applock/9to5mac.com.svg
    destination: https://9to5mac.com/2024/03/29/app-lock-hide-iphone-home-screen/