data:
  - name: Privacy
    description: Lock apps from unauthorized access.
    icon: /assets/img/applock/Privacy.svg
    screenshot: /assets/img/applock/App-Lock-Privacy.png

  - name: Confidentiality
    description: Protect finance, credentials, and chat apps.
    icon: /assets/img/applock/Confidentiality.svg
    screenshot: /assets/img/applock/App-Lock-Confidentiality.png

  - name: Widgets
    description: App Lock supports Widgets. Now, is easier to block any app you want.
    icon: /assets/img/applock/Widgets.svg
    screenshot: /assets/img/applock/App-Lock-Widgets.png

featured:
  - name: BGR
    logo: /assets/img/applock/bgr.com.svg
    destination: https://bgr.com/tech/this-app-hides-iphone-apps-from-your-home-screen-so-no-one-can-spy-on-them

  - name: iDeviceHelp
    logo: /assets/img/applock/idevicehelp.svg
    destination: https://www.youtube.com/watch?v=uP_--HLJZg8